
Microsoft Visual Studio Solution File, Format Version 12.00
# Visual Studio 15
VisualStudioVersion = 15.0.27130.2036
MinimumVisualStudioVersion = 10.0.40219.1
Project("{FAE04EC0-301F-11D3-BF4B-00C04F79EFBC}") = "1.MyFirstApp", "1.MyFirstApp\1.MyFirstApp.csproj", "{6323FA30-0B0B-4BA6-9E4F-28578AE5D9B4}"
EndProject
Project("{FAE04EC0-301F-11D3-BF4B-00C04F79EFBC}") = "2.ControllerMVC", "2.ControllerMVC\2.ControllerMVC.csproj", "{28BB3EC1-FA56-4A14-9599-2728C728504E}"
EndProject
Project("{FAE04EC0-301F-11D3-BF4B-00C04F79EFBC}") = "3.FilterMVC", "3.FilterMVC\3.FilterMVC.csproj", "{9E8361D7-129C-432B-94F3-21EA281D60C2}"
EndProject
Project("{FAE04EC0-301F-11D3-BF4B-00C04F79EFBC}") = "4.ViewMVC", "4.ViewMVC\4.ViewMVC.csproj", "{B74623C6-78B0-4C7A-BD77-444CBD0ACB56}"
EndProject
Project("{FAE04EC0-301F-11D3-BF4B-00C04F79EFBC}") = "5.MyRazorViewMVC", "5.MyRazorViewMVC\5.MyRazorViewMVC.csproj", "{00EF8F93-C116-46CD-8663-64EBEADBF3AF}"
EndProject
Project("{FAE04EC0-301F-11D3-BF4B-00C04F79EFBC}") = "6.MyModelMVC", "6.MyModelMVC\6.MyModelMVC.csproj", "{5A365F7D-8878-421E-BA9A-F136D11910CF}"
EndProject
Project("{FAE04EC0-301F-11D3-BF4B-00C04F79EFBC}") = "7.MySecurityMVC", "7.MySecurityMVC\7.MySecurityMVC.csproj", "{930914EB-E36C-4D18-A9D9-9E2BBE50FE3F}"
EndProject
Project("{FAE04EC0-301F-11D3-BF4B-00C04F79EFBC}") = "8.MyScaffoldingMVC", "8.MyScaffoldingMVC\8.MyScaffoldingMVC.csproj", "{252979CF-1AA4-4A81-9FB6-1B16A37A3933}"
EndProject
Project("{FAE04EC0-301F-11D3-BF4B-00C04F79EFBC}") = "9.MyWebApiMVC", "9.MyWebApiMVC\9.MyWebApiMVC.csproj", "{740B68B0-D848-486B-8D8F-97B64A72C799}"
EndProject
Project("{FAE04EC0-301F-11D3-BF4B-00C04F79EFBC}") = "10.RegisterMVC", "10.RegisterMVC\10.RegisterMVC.csproj", "{5DC468B1-A3E0-4182-B991-33351CEFCC90}"
EndProject
Project("{FAE04EC0-301F-11D3-BF4B-00C04F79EFBC}") = "11.MyBootstrapMVC", "11.MyBootstrapMVC\11.MyBootstrapMVC.csproj", "{199A89EB-6045-4A69-AAE7-8A1C6582889C}"
EndProject
Global
	GlobalSection(SolutionConfigurationPlatforms) = preSolution
		Debug|Any CPU = Debug|Any CPU
		Release|Any CPU = Release|Any CPU
	EndGlobalSection
	GlobalSection(ProjectConfigurationPlatforms) = postSolution
		{6323FA30-0B0B-4BA6-9E4F-28578AE5D9B4}.Debug|Any CPU.ActiveCfg = Debug|Any CPU
		{6323FA30-0B0B-4BA6-9E4F-28578AE5D9B4}.Debug|Any CPU.Build.0 = Debug|Any CPU
		{6323FA30-0B0B-4BA6-9E4F-28578AE5D9B4}.Release|Any CPU.ActiveCfg = Release|Any CPU
		{6323FA30-0B0B-4BA6-9E4F-28578AE5D9B4}.Release|Any CPU.Build.0 = Release|Any CPU
		{28BB3EC1-FA56-4A14-9599-2728C728504E}.Debug|Any CPU.ActiveCfg = Debug|Any CPU
		{28BB3EC1-FA56-4A14-9599-2728C728504E}.Debug|Any CPU.Build.0 = Debug|Any CPU
		{28BB3EC1-FA56-4A14-9599-2728C728504E}.Release|Any CPU.ActiveCfg = Release|Any CPU
		{28BB3EC1-FA56-4A14-9599-2728C728504E}.Release|Any CPU.Build.0 = Release|Any CPU
		{9E8361D7-129C-432B-94F3-21EA281D60C2}.Debug|Any CPU.ActiveCfg = Debug|Any CPU
		{9E8361D7-129C-432B-94F3-21EA281D60C2}.Debug|Any CPU.Build.0 = Debug|Any CPU
		{9E8361D7-129C-432B-94F3-21EA281D60C2}.Release|Any CPU.ActiveCfg = Release|Any CPU
		{9E8361D7-129C-432B-94F3-21EA281D60C2}.Release|Any CPU.Build.0 = Release|Any CPU
		{B74623C6-78B0-4C7A-BD77-444CBD0ACB56}.Debug|Any CPU.ActiveCfg = Debug|Any CPU
		{B74623C6-78B0-4C7A-BD77-444CBD0ACB56}.Debug|Any CPU.Build.0 = Debug|Any CPU
		{B74623C6-78B0-4C7A-BD77-444CBD0ACB56}.Release|Any CPU.ActiveCfg = Release|Any CPU
		{B74623C6-78B0-4C7A-BD77-444CBD0ACB56}.Release|Any CPU.Build.0 = Release|Any CPU
		{00EF8F93-C116-46CD-8663-64EBEADBF3AF}.Debug|Any CPU.ActiveCfg = Debug|Any CPU
		{00EF8F93-C116-46CD-8663-64EBEADBF3AF}.Debug|Any CPU.Build.0 = Debug|Any CPU
		{00EF8F93-C116-46CD-8663-64EBEADBF3AF}.Release|Any CPU.ActiveCfg = Release|Any CPU
		{00EF8F93-C116-46CD-8663-64EBEADBF3AF}.Release|Any CPU.Build.0 = Release|Any CPU
		{5A365F7D-8878-421E-BA9A-F136D11910CF}.Debug|Any CPU.ActiveCfg = Debug|Any CPU
		{5A365F7D-8878-421E-BA9A-F136D11910CF}.Debug|Any CPU.Build.0 = Debug|Any CPU
		{5A365F7D-8878-421E-BA9A-F136D11910CF}.Release|Any CPU.ActiveCfg = Release|Any CPU
		{5A365F7D-8878-421E-BA9A-F136D11910CF}.Release|Any CPU.Build.0 = Release|Any CPU
		{930914EB-E36C-4D18-A9D9-9E2BBE50FE3F}.Debug|Any CPU.ActiveCfg = Debug|Any CPU
		{930914EB-E36C-4D18-A9D9-9E2BBE50FE3F}.Debug|Any CPU.Build.0 = Debug|Any CPU
		{930914EB-E36C-4D18-A9D9-9E2BBE50FE3F}.Release|Any CPU.ActiveCfg = Release|Any CPU
		{930914EB-E36C-4D18-A9D9-9E2BBE50FE3F}.Release|Any CPU.Build.0 = Release|Any CPU
		{252979CF-1AA4-4A81-9FB6-1B16A37A3933}.Debug|Any CPU.ActiveCfg = Debug|Any CPU
		{252979CF-1AA4-4A81-9FB6-1B16A37A3933}.Debug|Any CPU.Build.0 = Debug|Any CPU
		{252979CF-1AA4-4A81-9FB6-1B16A37A3933}.Release|Any CPU.ActiveCfg = Release|Any CPU
		{252979CF-1AA4-4A81-9FB6-1B16A37A3933}.Release|Any CPU.Build.0 = Release|Any CPU
		{740B68B0-D848-486B-8D8F-97B64A72C799}.Debug|Any CPU.ActiveCfg = Debug|Any CPU
		{740B68B0-D848-486B-8D8F-97B64A72C799}.Debug|Any CPU.Build.0 = Debug|Any CPU
		{740B68B0-D848-486B-8D8F-97B64A72C799}.Release|Any CPU.ActiveCfg = Release|Any CPU
		{740B68B0-D848-486B-8D8F-97B64A72C799}.Release|Any CPU.Build.0 = Release|Any CPU
		{5DC468B1-A3E0-4182-B991-33351CEFCC90}.Debug|Any CPU.ActiveCfg = Debug|Any CPU
		{5DC468B1-A3E0-4182-B991-33351CEFCC90}.Debug|Any CPU.Build.0 = Debug|Any CPU
		{5DC468B1-A3E0-4182-B991-33351CEFCC90}.Release|Any CPU.ActiveCfg = Release|Any CPU
		{5DC468B1-A3E0-4182-B991-33351CEFCC90}.Release|Any CPU.Build.0 = Release|Any CPU
		{199A89EB-6045-4A69-AAE7-8A1C6582889C}.Debug|Any CPU.ActiveCfg = Debug|Any CPU
		{199A89EB-6045-4A69-AAE7-8A1C6582889C}.Debug|Any CPU.Build.0 = Debug|Any CPU
		{199A89EB-6045-4A69-AAE7-8A1C6582889C}.Release|Any CPU.ActiveCfg = Release|Any CPU
		{199A89EB-6045-4A69-AAE7-8A1C6582889C}.Release|Any CPU.Build.0 = Release|Any CPU
	EndGlobalSection
	GlobalSection(SolutionProperties) = preSolution
		HideSolutionNode = FALSE
	EndGlobalSection
	GlobalSection(ExtensibilityGlobals) = postSolution
		SolutionGuid = {6366396A-2626-45D6-8FB3-39D2E1B24E22}
	EndGlobalSection
EndGlobal
